// !$*UTF8*$!
{
	archiveVersion = 1;
	classes = {
	};
	objectVersion = 46;
	objects = {

/* Begin PBXBuildFile section */
		86E1CFB11591980000B6F7A9 /* UIKit.framework in Frameworks */ = {isa = PBXBuildFile; fileRef = 86E1CFB01591980000B6F7A9 /* UIKit.framework */; };
		86E1CFB31591980000B6F7A9 /* Foundation.framework in Frameworks */ = {isa = PBXBuildFile; fileRef = 86E1CFB21591980000B6F7A9 /* Foundation.framework */; };
		86E1CFB51591980000B6F7A9 /* CoreGraphics.framework in Frameworks */ = {isa = PBXBuildFile; fileRef = 86E1CFB41591980000B6F7A9 /* CoreGraphics.framework */; };
		86E1CFB71591980000B6F7A9 /* CoreData.framework in Frameworks */ = {isa = PBXBuildFile; fileRef = 86E1CFB61591980000B6F7A9 /* CoreData.framework */; };
		86E1CFBD1591980000B6F7A9 /* InfoPlist.strings in Resources */ = {isa = PBXBuildFile; fileRef = 86E1CFBB1591980000B6F7A9 /* InfoPlist.strings */; };
		86E1CFBF1591980000B6F7A9 /* main.m in Sources */ = {isa = PBXBuildFile; fileRef = 86E1CFBE1591980000B6F7A9 /* main.m */; };
		86E1CFC31591980000B6F7A9 /* SinaOauthAppDelegate.m in Sources */ = {isa = PBXBuildFile; fileRef = 86E1CFC21591980000B6F7A9 /* SinaOauthAppDelegate.m */; };
		86E1CFC61591980000B6F7A9 /* SinaOAuthApp.xcdatamodeld in Sources */ = {isa = PBXBuildFile; fileRef = 86E1CFC41591980000B6F7A9 /* SinaOAuthApp.xcdatamodeld */; };
/* End PBXBuildFile section */

/* Begin PBXFileReference section */
		86E1CFAC1591980000B6F7A9 /* SinaOAuthApp.app */ = {isa = PBXFileReference; explicitFileType = wrapper.application; includeInIndex = 0; path = SinaOAuthApp.app; sourceTree = BUILT_PRODUCTS_DIR; };
		86E1CFB01591980000B6F7A9 /* UIKit.framework */ = {isa = PBXFileReference; lastKnownFileType = wrapper.framework; name = UIKit.framework; path = System/Library/Frameworks/UIKit.framework; sourceTree = SDKROOT; };
		86E1CFB21591980000B6F7A9 /* Foundation.framework */ = {isa = PBXFileReference; lastKnownFileType = wrapper.framework; name = Foundation.framework; path = System/Library/Frameworks/Foundation.framework; sourceTree = SDKROOT; };
		86E1CFB41591980000B6F7A9 /* CoreGraphics.framework */ = {isa = PBXFileReference; lastKnownFileType = wrapper.framework; name = CoreGraphics.framework; path = System/Library/Frameworks/CoreGraphics.framework; sourceTree = SDKROOT; };
		86E1CFB61591980000B6F7A9 /* CoreData.framework */ = {isa = PBXFileReference; lastKnownFileType = wrapper.framework; name = CoreData.framework; path = System/Library/Frameworks/CoreData.framework; sourceTree = SDKROOT; };
		86E1CFBA1591980000B6F7A9 /* SinaOAuthApp-Info.plist */ = {isa = PBXFileReference; path = "SinaOAuthApp-Info.plist"; sourceTree = "<group>"; };
		86E1CFBC1591980000B6F7A9 /* en */ = {isa = PBXFileReference; lastKnownFileType = text.plist.strings; name = en; path = en.lproj/InfoPlist.strings; sourceTree = "<group>"; };
		86E1CFBE1591980000B6F7A9 /* main.m */ = {isa = PBXFileReference; lastKnownFileType = sourcecode.c.objc; path = main.m; sourceTree = "<group>"; };
		86E1CFC01591980000B6F7A9 /* SinaOAuthApp-Prefix.pch */ = {isa = PBXFileReference; path = "SinaOAuthApp-Prefix.pch"; sourceTree = "<group>"; };
		86E1CFC11591980000B6F7A9 /* SinaOauthAppDelegate.h */ = {isa = PBXFileReference; path = SinaOauthAppDelegate.h; sourceTree = "<group>"; };
		86E1CFC21591980000B6F7A9 /* SinaOauthAppDelegate.m */ = {isa = PBXFileReference; lastKnownFileType = sourcecode.c.objc; path = SinaOauthAppDelegate.m; sourceTree = "<group>"; };
		86E1CFC51591980000B6F7A9 /* SinaOAuthApp.xcdatamodel */ = {isa = PBXFileReference; lastKnownFileType = wrapper.xcdatamodel; path = SinaOAuthApp.xcdatamodel; sourceTree = "<group>"; };
/* End PBXFileReference section */

/* Begin PBXFrameworksBuildPhase section */
		86E1CFA91591980000B6F7A9 /* Frameworks */ = {
			isa = PBXFrameworksBuildPhase;
			buildActionMask = 2147483647;
			files = (
				86E1CFB11591980000B6F7A9 /* UIKit.framework in Frameworks */,
				86E1CFB31591980000B6F7A9 /* Foundation.framework in Frameworks */,
				86E1CFB51591980000B6F7A9 /* CoreGraphics.framework in Frameworks */,
				86E1CFB71591980000B6F7A9 /* CoreData.framework in Frameworks */,
			);
			runOnlyForDeploymentPostprocessing = 0;
		};
/* End PBXFrameworksBuildPhase section */

/* Begin PBXGroup section */
		86E1CFA11591980000B6F7A9 = {
			isa = PBXGroup;
			children = (
				86E1CFB81591980000B6F7A9 /* SinaOAuthApp */,
				86E1CFAF1591980000B6F7A9 /* Frameworks */,
				86E1CFAD1591980000B6F7A9 /* Products */,
			);
			sourceTree = "<group>";
		};
		86E1CFAD1591980000B6F7A9 /* Products */ = {
			isa = PBXGroup;
			children = (
				86E1CFAC1591980000B6F7A9 /* SinaOAuthApp.app */,
			);
			name = Products;
			sourceTree = "<group>";
		};
		86E1CFAF1591980000B6F7A9 /* Frameworks */ = {
			isa = PBXGroup;
			children = (
				86E1CFB01591980000B6F7A9 /* UIKit.framework */,
				86E1CFB21591980000B6F7A9 /* Foundation.framework */,
				86E1CFB41591980000B6F7A9 /* CoreGraphics.framework */,
				86E1CFB61591980000B6F7A9 /* CoreData.framework */,
			);
			name = Frameworks;
			sourceTree = "<group>";
		};
		86E1CFB81591980000B6F7A9 /* SinaOAuthApp */ = {
			isa = PBXGroup;
			children = (
				86E1CFC11591980000B6F7A9 /* SinaOauthAppDelegate.h */,
				86E1CFC21591980000B6F7A9 /* SinaOauthAppDelegate.m */,
				86E1CFC41591980000B6F7A9 /* SinaOAuthApp.xcdatamodeld */,
				86E1CFB91591980000B6F7A9 /* Supporting Files */,
			);
			path = SinaOAuthApp;
			sourceTree = "<group>";
		};
		86E1CFB91591980000B6F7A9 /* Supporting Files */ = {
			isa = PBXGroup;
			children = (
				86E1CFBA1591980000B6F7A9 /* SinaOAuthApp-Info.plist */,
				86E1CFBB1591980000B6F7A9 /* InfoPlist.strings */,
				86E1CFBE1591980000B6F7A9 /* main.m */,
				86E1CFC01591980000B6F7A9 /* SinaOAuthApp-Prefix.pch */,
			);
			name = "Supporting Files";
			sourceTree = "<group>";
		};
/* End PBXGroup section */

/* Begin PBXNativeTarget section */
		86E1CFAB1591980000B6F7A9 /* SinaOAuthApp */ = {
			isa = PBXNativeTarget;
			buildConfigurationList = 86E1CFC91591980000B6F7A9 /* Build configuration list for PBXNativeTarget "SinaOAuthApp" */;
			buildPhases = (
				86E1CFA81591980000B6F7A9 /* Sources */,
				86E1CFA91591980000B6F7A9 /* Frameworks */,
				86E1CFAA1591980000B6F7A9 /* Resources */,
			);
			buildRules = (
			);
			dependencies = (
			);
			name = SinaOAuthApp;
			productName = SinaOAuthApp;
			productReference = 86E1CFAC1591980000B6F7A9 /* SinaOAuthApp.app */;
			productType = "com.apple.product-type.application";
		};
/* End PBXNativeTarget section */

/* Begin PBXProject section */
		86E1CFA31591980000B6F7A9 /* Project object */ = {
			isa = PBXProject;
			attributes = {
				CLASSPREFIX = SinaOauth;
				LastUpgradeCheck = 0430;
			};
			buildConfigurationList = 86E1CFA61591980000B6F7A9 /* Build configuration list for PBXProject "SinaOAuthApp" */;
			compatibilityVersion = "Xcode 3.2";
			developmentRegion = English;
			hasScannedForEncodings = 0;
			knownRegions = (
				en,
			);
			mainGroup = 86E1CFA11591980000B6F7A9;
			productRefGroup = 86E1CFAD1591980000B6F7A9 /* Products */;
			projectDirPath = "";
			projectRoot = "";
			targets = (
				86E1CFAB1591980000B6F7A9 /* SinaOAuthApp */,
			);
		};
/* End PBXProject section */

/* Begin PBXResourcesBuildPhase section */
		86E1CFAA1591980000B6F7A9 /* Resources */ = {
			isa = PBXResourcesBuildPhase;
			buildActionMask = 2147483647;
			files = (
				86E1CFBD1591980000B6F7A9 /* InfoPlist.strings in Resources */,
			);
			runOnlyForDeploymentPostprocessing = 0;
		};
/* End PBXResourcesBuildPhase section */

/* Begin PBXSourcesBuildPhase section */
		86E1CFA81591980000B6F7A9 /* Sources */ = {
			isa = PBXSourcesBuildPhase;
			buildActionMask = 2147483647;
			files = (
				86E1CFBF1591980000B6F7A9 /* main.m in Sources */,
				86E1CFC31591980000B6F7A9 /* SinaOauthAppDelegate.m in Sources */,
				86E1CFC61591980000B6F7A9 /* SinaOAuthApp.xcdatamodeld in Sources */,
			);
			runOnlyForDeploymentPostprocessing = 0;
		};
/* End PBXSourcesBuildPhase section */

/* Begin PBXVariantGroup section */
		86E1CFBB1591980000B6F7A9 /* InfoPlist.strings */ = {
			isa = PBXVariantGroup;
			children = (
				86E1CFBC1591980000B6F7A9 /* en */,
			);
			name = InfoPlist.strings;
			sourceTree = "<group>";
		};
/* End PBXVariantGroup section */

/* Begin XCBuildConfiguration section */
		86E1CFC71591980000B6F7A9 /* Debug */ = {
			isa = XCBuildConfiguration;
			buildSettings = {
				ALWAYS_SEARCH_USER_PATHS = NO;
				ARCHS = "$(ARCHS_STANDARD_32_BIT)";
				"CODE_SIGN_IDENTITY[sdk=iphoneos*]" = "iPhone Developer";
				COPY_PHASE_STRIP = NO;
				GCC_C_LANGUAGE_STANDARD = gnu99;
				GCC_DYNAMIC_NO_PIC = NO;
				GCC_OPTIMIZATION_LEVEL = 0;
				GCC_PREPROCESSOR_DEFINITIONS = (
					"DEBUG=1",
					"$(inherited)",
				);
				GCC_SYMBOLS_PRIVATE_EXTERN = NO;
				GCC_VERSION = com.apple.compilers.llvm.clang.1_0;
				GCC_WARN_ABOUT_RETURN_TYPE = YES;
				GCC_WARN_UNINITIALIZED_AUTOS = YES;
				GCC_WARN_UNUSED_VARIABLE = YES;
				IPHONEOS_DEPLOYMENT_TARGET = 5.1;
				SDKROOT = iphoneos;
			};
			name = Debug;
		};
		86E1CFC81591980000B6F7A9 /* Release */ = {
			isa = XCBuildConfiguration;
			buildSettings = {
				ALWAYS_SEARCH_USER_PATHS = NO;
				ARCHS = "$(ARCHS_STANDARD_32_BIT)";
				"CODE_SIGN_IDENTITY[sdk=iphoneos*]" = "iPhone Developer";
				COPY_PHASE_STRIP = YES;
				GCC_C_LANGUAGE_STANDARD = gnu99;
				GCC_VERSION = com.apple.compilers.llvm.clang.1_0;
				GCC_WARN_ABOUT_RETURN_TYPE = YES;
				GCC_WARN_UNINITIALIZED_AUTOS = YES;
				GCC_WARN_UNUSED_VARIABLE = YES;
				IPHONEOS_DEPLOYMENT_TARGET = 5.1;
				OTHER_CFLAGS = "-DNS_BLOCK_ASSERTIONS=1";
				SDKROOT = iphoneos;
				VALIDATE_PRODUCT = YES;
			};
			name = Release;
		};
		86E1CFCA1591980000B6F7A9 /* Debug */ = {
			isa = XCBuildConfiguration;
			buildSettings = {
				GCC_PRECOMPILE_PREFIX_HEADER = YES;
				GCC_PREFIX_HEADER = "SinaOAuthApp/SinaOAuthApp-Prefix.pch";
				INFOPLIST_FILE = "SinaOAuthApp/SinaOAuthApp-Info.plist";
				PRODUCT_NAME = "$(TARGET_NAME)";
				WRAPPER_EXTENSION = app;
			};
			name = Debug;
		};
		86E1CFCB1591980000B6F7A9 /* Release */ = {
			isa = XCBuildConfiguration;
			buildSettings = {
				GCC_PRECOMPILE_PREFIX_HEADER = YES;
				GCC_PREFIX_HEADER = "SinaOAuthApp/SinaOAuthApp-Prefix.pch";
				INFOPLIST_FILE = "SinaOAuthApp/SinaOAuthApp-Info.plist";
				PRODUCT_NAME = "$(TARGET_NAME)";
				WRAPPER_EXTENSION = app;
			};
			name = Release;
		};
/* End XCBuildConfiguration section */

/* Begin XCConfigurationList section */
		86E1CFA61591980000B6F7A9 /* Build configuration list for PBXProject "SinaOAuthApp" */ = {
			isa = XCConfigurationList;
			buildConfigurations = (
				86E1CFC71591980000B6F7A9 /* Debug */,
				86E1CFC81591980000B6F7A9 /* Release */,
			);
			defaultConfigurationIsVisible = 0;
			defaultConfigurationName = Release;
		};
		86E1CFC91591980000B6F7A9 /* Build configuration list for PBXNativeTarget "SinaOAuthApp" */ = {
			isa = XCConfigurationList;
			buildConfigurations = (
				86E1CFCA1591980000B6F7A9 /* Debug */,
				86E1CFCB1591980000B6F7A9 /* Release */,
			);
			defaultConfigurationIsVisible = 0;
		};
/* End XCConfigurationList section */

/* Begin XCVersionGroup section */
		86E1CFC41591980000B6F7A9 /* SinaOAuthApp.xcdatamodeld */ = {
			isa = XCVersionGroup;
			children = (
				86E1CFC51591980000B6F7A9 /* SinaOAuthApp.xcdatamodel */,
			);
			currentVersion = 86E1CFC51591980000B6F7A9 /* SinaOAuthApp.xcdatamodel */;
			path = SinaOAuthApp.xcdatamodeld;
			sourceTree = "<group>";
			versionGroupType = wrapper.xcdatamodel;
		};
/* End XCVersionGroup section */
	};
	rootObject = 86E1CFA31591980000B6F7A9 /* Project object */;
}
